
Microsoft Visual Studio Solution File, Format Version 12.00
# Visual Studio Version 16
VisualStudioVersion = 16.0.30011.22
MinimumVisualStudioVersion = 10.0.40219.1
Project("{9A19103F-16F7-4668-BE54-9A1E7A4F7556}") = "API", "API\API.csproj", "{23277A70-E306-4FDC-B0C3-A56F5362D588}"
EndProject
Project("{9A19103F-16F7-4668-BE54-9A1E7A4F7556}") = "DataLayer", "References\DataLayer\DataLayer.csproj", "{D6895684-C432-4E25-9C5C-51154E76C670}"
EndProject
Project("{9A19103F-16F7-4668-BE54-9A1E7A4F7556}") = "BusinessLayer", "References\BusinessLayer\BusinessLayer.csproj", "{26F14918-8C16-42A2-B6B2-3CB9A25CE847}"
EndProject
Project("{FAE04EC0-301F-11D3-BF4B-00C04F79EFBC}") = "FlickerAPI", "FlickerAPI\FlickerAPI.csproj", "{52D31289-909C-4D75-B39C-A1B623B469B2}"
EndProject
Global
	GlobalSection(SolutionConfigurationPlatforms) = preSolution
		Debug|Any CPU = Debug|Any CPU
		Release|Any CPU = Release|Any CPU
	EndGlobalSection
	GlobalSection(ProjectConfigurationPlatforms) = postSolution
		{23277A70-E306-4FDC-B0C3-A56F5362D588}.Debug|Any CPU.ActiveCfg = Debug|Any CPU
		{23277A70-E306-4FDC-B0C3-A56F5362D588}.Debug|Any CPU.Build.0 = Debug|Any CPU
		{23277A70-E306-4FDC-B0C3-A56F5362D588}.Release|Any CPU.ActiveCfg = Release|Any CPU
		{23277A70-E306-4FDC-B0C3-A56F5362D588}.Release|Any CPU.Build.0 = Release|Any CPU
		{D6895684-C432-4E25-9C5C-51154E76C670}.Debug|Any CPU.ActiveCfg = Debug|Any CPU
		{D6895684-C432-4E25-9C5C-51154E76C670}.Debug|Any CPU.Build.0 = Debug|Any CPU
		{D6895684-C432-4E25-9C5C-51154E76C670}.Release|Any CPU.ActiveCfg = Release|Any CPU
		{D6895684-C432-4E25-9C5C-51154E76C670}.Release|Any CPU.Build.0 = Release|Any CPU
		{26F14918-8C16-42A2-B6B2-3CB9A25CE847}.Debug|Any CPU.ActiveCfg = Debug|Any CPU
		{26F14918-8C16-42A2-B6B2-3CB9A25CE847}.Debug|Any CPU.Build.0 = Debug|Any CPU
		{26F14918-8C16-42A2-B6B2-3CB9A25CE847}.Release|Any CPU.ActiveCfg = Release|Any CPU
		{26F14918-8C16-42A2-B6B2-3CB9A25CE847}.Release|Any CPU.Build.0 = Release|Any CPU
		{52D31289-909C-4D75-B39C-A1B623B469B2}.Debug|Any CPU.ActiveCfg = Debug|Any CPU
		{52D31289-909C-4D75-B39C-A1B623B469B2}.Debug|Any CPU.Build.0 = Debug|Any CPU
		{52D31289-909C-4D75-B39C-A1B623B469B2}.Release|Any CPU.ActiveCfg = Release|Any CPU
		{52D31289-909C-4D75-B39C-A1B623B469B2}.Release|Any CPU.Build.0 = Release|Any CPU
	EndGlobalSection
	GlobalSection(SolutionProperties) = preSolution
		HideSolutionNode = FALSE
	EndGlobalSection
	GlobalSection(ExtensibilityGlobals) = postSolution
		SolutionGuid = {5A8B534D-DB3F-465B-9E72-91CF43B3AD26}
	EndGlobalSection
EndGlobal
